{
  "nodes": {
    "eso-hub-client-jar": {
      "flake": false,
      "locked": {
        "narHash": "sha256-GHbvRqry19AnF0T4yrsHeS0V4ufw5zc9vfof3KMr3zA=",
        "type": "file",
        "url": "https://data.eso-hub.com/client/download/linux"
      },
      "original": {
        "type": "file",
        "url": "https://data.eso-hub.com/client/download/linux"
      }
    },
    "nixpkgs": {
      "locked": {
        "lastModified": 1751637120,
        "narHash": "sha256-xVNy/XopSfIG9c46nRmPaKfH1Gn/56vQ8++xWA8itO4=",
        "owner": "NixOS",
        "repo": "nixpkgs",
        "rev": "5c724ed1388e53cc231ed98330a60eb2f7be4be3",
        "type": "github"
      },
      "original": {
        "owner": "NixOS",
        "ref": "nixos-unstable",
        "repo": "nixpkgs",
        "type": "github"
      }
    },
    "root": {
      "inputs": {
        "eso-hub-client-jar": "eso-hub-client-jar",
        "nixpkgs": "nixpkgs"
      }
    }
  },
  "root": "root",
  "version": 7
}
